
Microsoft Visual Studio Solution File, Format Version 12.00
# Visual Studio Version 17
VisualStudioVersion = 17.4.33205.214
MinimumVisualStudioVersion = 10.0.40219.1
Project("{FAE04EC0-301F-11D3-BF4B-00C04F79EFBC}") = "OperaWebSite", "OperaWebSite\OperaWebSite.csproj", "{39CBA0E1-11F1-4AB2-BB50-85E68F4D9A96}"
EndProject
Global
	GlobalSection(SolutionConfigurationPlatforms) = preSolution
		Debug|Any CPU = Debug|Any CPU
		Release|Any CPU = Release|Any CPU
	EndGlobalSection
	GlobalSection(ProjectConfigurationPlatforms) = postSolution
		{39CBA0E1-11F1-4AB2-BB50-85E68F4D9A96}.Debug|Any CPU.ActiveCfg = Debug|Any CPU
		{39CBA0E1-11F1-4AB2-BB50-85E68F4D9A96}.Debug|Any CPU.Build.0 = Debug|Any CPU
		{39CBA0E1-11F1-4AB2-BB50-85E68F4D9A96}.Release|Any CPU.ActiveCfg = Release|Any CPU
		{39CBA0E1-11F1-4AB2-BB50-85E68F4D9A96}.Release|Any CPU.Build.0 = Release|Any CPU
	EndGlobalSection
	GlobalSection(SolutionProperties) = preSolution
		HideSolutionNode = FALSE
	EndGlobalSection
	GlobalSection(ExtensibilityGlobals) = postSolution
		SolutionGuid = {956D308A-EA4B-4033-BF2A-CA7BCFEA2B3F}
	EndGlobalSection
EndGlobal
